
Microsoft Visual Studio Solution File, Format Version 12.00
# Visual Studio Version 16
VisualStudioVersion = 16.0.31105.61
MinimumVisualStudioVersion = 10.0.40219.1
Project("{9A19103F-16F7-4668-BE54-9A1E7A4F7556}") = "POVoucherExport", "CIT-Dev-Functions-POVoucherExport\POVoucherExport.csproj", "{6413532C-3F6E-42FA-9A6D-FFB1DB57D289}"
EndProject
Global
	GlobalSection(SolutionConfigurationPlatforms) = preSolution
		Debug|Any CPU = Debug|Any CPU
		Release|Any CPU = Release|Any CPU
	EndGlobalSection
	GlobalSection(ProjectConfigurationPlatforms) = postSolution
		{6413532C-3F6E-42FA-9A6D-FFB1DB57D289}.Debug|Any CPU.ActiveCfg = Debug|Any CPU
		{6413532C-3F6E-42FA-9A6D-FFB1DB57D289}.Debug|Any CPU.Build.0 = Debug|Any CPU
		{6413532C-3F6E-42FA-9A6D-FFB1DB57D289}.Release|Any CPU.ActiveCfg = Release|Any CPU
		{6413532C-3F6E-42FA-9A6D-FFB1DB57D289}.Release|Any CPU.Build.0 = Release|Any CPU
	EndGlobalSection
	GlobalSection(SolutionProperties) = preSolution
		HideSolutionNode = FALSE
	EndGlobalSection
	GlobalSection(ExtensibilityGlobals) = postSolution
		SolutionGuid = {EBC209BB-710B-46BE-8AC7-6B9DEC3C5AE3}
	EndGlobalSection
EndGlobal
